
Microsoft Visual Studio Solution File, Format Version 12.00
# Visual Studio Version 16
VisualStudioVersion = 16.0.28803.352
MinimumVisualStudioVersion = 10.0.40219.1
Project("{FAE04EC0-301F-11D3-BF4B-00C04F79EFBC}") = "SoccerRanking", "SoccerRanking\SoccerRanking.csproj", "{49539599-8603-4035-A0BE-0009F07D1FC8}"
EndProject
Project("{FAE04EC0-301F-11D3-BF4B-00C04F79EFBC}") = "UnitTests", "UnitTests\UnitTests.csproj", "{31D35863-70E7-4BAA-88E4-69AE65A5DA8F}"
EndProject
Global
	GlobalSection(SolutionConfigurationPlatforms) = preSolution
		Debug|Any CPU = Debug|Any CPU
		Release|Any CPU = Release|Any CPU
	EndGlobalSection
	GlobalSection(ProjectConfigurationPlatforms) = postSolution
		{49539599-8603-4035-A0BE-0009F07D1FC8}.Debug|Any CPU.ActiveCfg = Debug|Any CPU
		{49539599-8603-4035-A0BE-0009F07D1FC8}.Debug|Any CPU.Build.0 = Debug|Any CPU
		{49539599-8603-4035-A0BE-0009F07D1FC8}.Release|Any CPU.ActiveCfg = Release|Any CPU
		{49539599-8603-4035-A0BE-0009F07D1FC8}.Release|Any CPU.Build.0 = Release|Any CPU
		{31D35863-70E7-4BAA-88E4-69AE65A5DA8F}.Debug|Any CPU.ActiveCfg = Debug|Any CPU
		{31D35863-70E7-4BAA-88E4-69AE65A5DA8F}.Debug|Any CPU.Build.0 = Debug|Any CPU
		{31D35863-70E7-4BAA-88E4-69AE65A5DA8F}.Release|Any CPU.ActiveCfg = Release|Any CPU
		{31D35863-70E7-4BAA-88E4-69AE65A5DA8F}.Release|Any CPU.Build.0 = Release|Any CPU
	EndGlobalSection
	GlobalSection(SolutionProperties) = preSolution
		HideSolutionNode = FALSE
	EndGlobalSection
	GlobalSection(ExtensibilityGlobals) = postSolution
		SolutionGuid = {BF3E3E51-EAEE-4229-A1A9-AD29A0AF50D4}
	EndGlobalSection
EndGlobal
